// !$*UTF8*$!
{
	archiveVersion = 1;
	classes = {
	};
	objectVersion = 46;
	objects = {

/* Begin PBXBuildFile section */
		67621C731CE7B8EC00DC4773 /* ImagesTableViewController.m in Sources */ = {isa = PBXBuildFile; fileRef = 67621C721CE7B8EC00DC4773 /* ImagesTableViewController.m */; };
		67621C761CE7C1BE00DC4773 /* OperationViewController.m in Sources */ = {isa = PBXBuildFile; fileRef = 67621C751CE7C1BE00DC4773 /* OperationViewController.m */; };
		67621C791CE8FCFC00DC4773 /* Model.xcdatamodeld in Sources */ = {isa = PBXBuildFile; fileRef = 67621C771CE8FCFC00DC4773 /* Model.xcdatamodeld */; };
		67621C7B1CE9940400DC4773 /* Person.m in Sources */ = {isa = PBXBuildFile; fileRef = 67621C7A1CE9940400DC4773 /* Person.m */; };
		67657B321CCE942E0006CF88 /* main.m in Sources */ = {isa = PBXBuildFile; fileRef = 67657B311CCE942E0006CF88 /* main.m */; };
		67657B351CCE942E0006CF88 /* AppDelegate.m in Sources */ = {isa = PBXBuildFile; fileRef = 67657B341CCE942E0006CF88 /* AppDelegate.m */; };
		67657B381CCE942E0006CF88 /* ViewController.m in Sources */ = {isa = PBXBuildFile; fileRef = 67657B371CCE942E0006CF88 /* ViewController.m */; };
		67657B3B1CCE942E0006CF88 /* Main.storyboard in Resources */ = {isa = PBXBuildFile; fileRef = 67657B391CCE942E0006CF88 /* Main.storyboard */; };
		67657B401CCE942E0006CF88 /* Assets.xcassets in Resources */ = {isa = PBXBuildFile; fileRef = 67657B3F1CCE942E0006CF88 /* Assets.xcassets */; };
		67657B431CCE942E0006CF88 /* LaunchScreen.storyboard in Resources */ = {isa = PBXBuildFile; fileRef = 67657B411CCE942E0006CF88 /* LaunchScreen.storyboard */; };
		67657B4E1CCE942E0006CF88 /* TestAppTests.m in Sources */ = {isa = PBXBuildFile; fileRef = 67657B4D1CCE942E0006CF88 /* TestAppTests.m */; };
		67657B591CCE942E0006CF88 /* TestAppUITests.m in Sources */ = {isa = PBXBuildFile; fileRef = 67657B581CCE942E0006CF88 /* TestAppUITests.m */; };
		67657B681CCE94C40006CF88 /* TestClass.m in Sources */ = {isa = PBXBuildFile; fileRef = 67657B671CCE94C40006CF88 /* TestClass.m */; };
		67657B6B1CD034070006CF88 /* Tree.m in Sources */ = {isa = PBXBuildFile; fileRef = 67657B6A1CD034070006CF88 /* Tree.m */; };
		67657B701CD069AC0006CF88 /* Node.m in Sources */ = {isa = PBXBuildFile; fileRef = 67657B6F1CD069AC0006CF88 /* Node.m */; };
		67657B731CD8D9FC0006CF88 /* Trie.m in Sources */ = {isa = PBXBuildFile; fileRef = 67657B721CD8D9FC0006CF88 /* Trie.m */; };
/* End PBXBuildFile section */

/* Begin PBXContainerItemProxy section */
		67657B4A1CCE942E0006CF88 /* PBXContainerItemProxy */ = {
			isa = PBXContainerItemProxy;
			containerPortal = 67657B251CCE942E0006CF88 /* Project object */;
			proxyType = 1;
			remoteGlobalIDString = 67657B2C1CCE942E0006CF88;
			remoteInfo = TestApp;
		};
		67657B551CCE942E0006CF88 /* PBXContainerItemProxy */ = {
			isa = PBXContainerItemProxy;
			containerPortal = 67657B251CCE942E0006CF88 /* Project object */;
			proxyType = 1;
			remoteGlobalIDString = 67657B2C1CCE942E0006CF88;
			remoteInfo = TestApp;
		};
/* End PBXContainerItemProxy section */

/* Begin PBXFileReference section */
		67621C711CE7B82800DC4773 /* ImagesTableViewController.h */ = {isa = PBXFileReference; lastKnownFileType = sourcecode.c.h; path = ImagesTableViewController.h; sourceTree = "<group>"; };
		67621C721CE7B8EC00DC4773 /* ImagesTableViewController.m */ = {isa = PBXFileReference; fileEncoding = 4; lastKnownFileType = sourcecode.c.objc; path = ImagesTableViewController.m; sourceTree = "<group>"; };
		67621C741CE7C0E100DC4773 /* OperationViewController.h */ = {isa = PBXFileReference; lastKnownFileType = sourcecode.c.h; path = OperationViewController.h; sourceTree = "<group>"; };
		67621C751CE7C1BE00DC4773 /* OperationViewController.m */ = {isa = PBXFileReference; fileEncoding = 4; lastKnownFileType = sourcecode.c.objc; path = OperationViewController.m; sourceTree = "<group>"; };
		67621C781CE8FCFC00DC4773 /* Model.xcdatamodel */ = {isa = PBXFileReference; lastKnownFileType = wrapper.xcdatamodel; path = Model.xcdatamodel; sourceTree = "<group>"; };
		67621C7A1CE9940400DC4773 /* Person.m */ = {isa = PBXFileReference; fileEncoding = 4; lastKnownFileType = sourcecode.c.objc; path = Person.m; sourceTree = "<group>"; };
		67621C7C1CE9949100DC4773 /* Person.h */ = {isa = PBXFileReference; lastKnownFileType = sourcecode.c.h; path = Person.h; sourceTree = "<group>"; };
		67657B2D1CCE942E0006CF88 /* TestApp.app */ = {isa = PBXFileReference; explicitFileType = wrapper.application; includeInIndex = 0; path = TestApp.app; sourceTree = BUILT_PRODUCTS_DIR; };
		67657B311CCE942E0006CF88 /* main.m */ = {isa = PBXFileReference; lastKnownFileType = sourcecode.c.objc; path = main.m; sourceTree = "<group>"; };
		67657B331CCE942E0006CF88 /* AppDelegate.h */ = {isa = PBXFileReference; lastKnownFileType = sourcecode.c.h; path = AppDelegate.h; sourceTree = "<group>"; };
		67657B341CCE942E0006CF88 /* AppDelegate.m */ = {isa = PBXFileReference; lastKnownFileType = sourcecode.c.objc; path = AppDelegate.m; sourceTree = "<group>"; };
		67657B361CCE942E0006CF88 /* ViewController.h */ = {isa = PBXFileReference; lastKnownFileType = sourcecode.c.h; path = ViewController.h; sourceTree = "<group>"; };
		67657B371CCE942E0006CF88 /* ViewController.m */ = {isa = PBXFileReference; lastKnownFileType = sourcecode.c.objc; path = ViewController.m; sourceTree = "<group>"; };
		67657B3A1CCE942E0006CF88 /* Base */ = {isa = PBXFileReference; lastKnownFileType = file.storyboard; name = Base; path = Base.lproj/Main.storyboard; sourceTree = "<group>"; };
		67657B3F1CCE942E0006CF88 /* Assets.xcassets */ = {isa = PBXFileReference; lastKnownFileType = folder.assetcatalog; path = Assets.xcassets; sourceTree = "<group>"; };
		67657B421CCE942E0006CF88 /* Base */ = {isa = PBXFileReference; lastKnownFileType = file.storyboard; name = Base; path = Base.lproj/LaunchScreen.storyboard; sourceTree = "<group>"; };
		67657B441CCE942E0006CF88 /* Info.plist */ = {isa = PBXFileReference; lastKnownFileType = text.plist.xml; path = Info.plist; sourceTree = "<group>"; };
		67657B491CCE942E0006CF88 /* TestAppTests.xctest */ = {isa = PBXFileReference; explicitFileType = wrapper.cfbundle; includeInIndex = 0; path = TestAppTests.xctest; sourceTree = BUILT_PRODUCTS_DIR; };
		67657B4D1CCE942E0006CF88 /* TestAppTests.m */ = {isa = PBXFileReference; lastKnownFileType = sourcecode.c.objc; path = TestAppTests.m; sourceTree = "<group>"; };
		67657B4F1CCE942E0006CF88 /* Info.plist */ = {isa = PBXFileReference; lastKnownFileType = text.plist.xml; path = Info.plist; sourceTree = "<group>"; };
		67657B541CCE942E0006CF88 /* TestAppUITests.xctest */ = {isa = PBXFileReference; explicitFileType = wrapper.cfbundle; includeInIndex = 0; path = TestAppUITests.xctest; sourceTree = BUILT_PRODUCTS_DIR; };
		67657B581CCE942E0006CF88 /* TestAppUITests.m */ = {isa = PBXFileReference; lastKnownFileType = sourcecode.c.objc; path = TestAppUITests.m; sourceTree = "<group>"; };
		67657B5A1CCE942E0006CF88 /* Info.plist */ = {isa = PBXFileReference; lastKnownFileType = text.plist.xml; path = Info.plist; sourceTree = "<group>"; };
		67657B661CCE946E0006CF88 /* TestClass.h */ = {isa = PBXFileReference; lastKnownFileType = sourcecode.c.h; path = TestClass.h; sourceTree = "<group>"; };
		67657B671CCE94C40006CF88 /* TestClass.m */ = {isa = PBXFileReference; fileEncoding = 4; lastKnownFileType = sourcecode.c.objc; path = TestClass.m; sourceTree = "<group>"; };
		67657B691CD033960006CF88 /* Tree.h */ = {isa = PBXFileReference; lastKnownFileType = sourcecode.c.h; path = Tree.h; sourceTree = "<group>"; };
		67657B6A1CD034070006CF88 /* Tree.m */ = {isa = PBXFileReference; fileEncoding = 4; lastKnownFileType = sourcecode.c.objc; path = Tree.m; sourceTree = "<group>"; };
		67657B6E1CD0693E0006CF88 /* Node.h */ = {isa = PBXFileReference; lastKnownFileType = sourcecode.c.h; path = Node.h; sourceTree = "<group>"; };
		67657B6F1CD069AC0006CF88 /* Node.m */ = {isa = PBXFileReference; fileEncoding = 4; lastKnownFileType = sourcecode.c.objc; name = Node.m; path = ../Node.m; sourceTree = "<group>"; };
		67657B711CD8D9860006CF88 /* Trie.h */ = {isa = PBXFileReference; lastKnownFileType = sourcecode.c.h; path = Trie.h; sourceTree = "<group>"; };
		67657B721CD8D9FC0006CF88 /* Trie.m */ = {isa = PBXFileReference; fileEncoding = 4; lastKnownFileType = sourcecode.c.objc; name = Trie.m; path = ../Trie.m; sourceTree = "<group>"; };
/* End PBXFileReference section */

/* Begin PBXFrameworksBuildPhase section */
		67657B2A1CCE942E0006CF88 /* Frameworks */ = {
			isa = PBXFrameworksBuildPhase;
			buildActionMask = 2147483647;
			files = (
			);
			runOnlyForDeploymentPostprocessing = 0;
		};
		67657B461CCE942E0006CF88 /* Frameworks */ = {
			isa = PBXFrameworksBuildPhase;
			buildActionMask = 2147483647;
			files = (
			);
			runOnlyForDeploymentPostprocessing = 0;
		};
		67657B511CCE942E0006CF88 /* Frameworks */ = {
			isa = PBXFrameworksBuildPhase;
			buildActionMask = 2147483647;
			files = (
			);
			runOnlyForDeploymentPostprocessing = 0;
		};
/* End PBXFrameworksBuildPhase section */

/* Begin PBXGroup section */
		67657B241CCE942E0006CF88 = {
			isa = PBXGroup;
			children = (
				67657B2F1CCE942E0006CF88 /* TestApp */,
				67657B4C1CCE942E0006CF88 /* TestAppTests */,
				67657B571CCE942E0006CF88 /* TestAppUITests */,
				67657B2E1CCE942E0006CF88 /* Products */,
			);
			sourceTree = "<group>";
		};
		67657B2E1CCE942E0006CF88 /* Products */ = {
			isa = PBXGroup;
			children = (
				67657B2D1CCE942E0006CF88 /* TestApp.app */,
				67657B491CCE942E0006CF88 /* TestAppTests.xctest */,
				67657B541CCE942E0006CF88 /* TestAppUITests.xctest */,
			);
			name = Products;
			sourceTree = "<group>";
		};
		67657B2F1CCE942E0006CF88 /* TestApp */ = {
			isa = PBXGroup;
			children = (
				67657B331CCE942E0006CF88 /* AppDelegate.h */,
				67657B341CCE942E0006CF88 /* AppDelegate.m */,
				67657B711CD8D9860006CF88 /* Trie.h */,
				67657B721CD8D9FC0006CF88 /* Trie.m */,
				67657B691CD033960006CF88 /* Tree.h */,
				67657B6A1CD034070006CF88 /* Tree.m */,
				67657B6E1CD0693E0006CF88 /* Node.h */,
				67657B6F1CD069AC0006CF88 /* Node.m */,
				67621C7C1CE9949100DC4773 /* Person.h */,
				67621C7A1CE9940400DC4773 /* Person.m */,
				67621C741CE7C0E100DC4773 /* OperationViewController.h */,
				67621C751CE7C1BE00DC4773 /* OperationViewController.m */,
				67621C711CE7B82800DC4773 /* ImagesTableViewController.h */,
				67621C721CE7B8EC00DC4773 /* ImagesTableViewController.m */,
				67657B361CCE942E0006CF88 /* ViewController.h */,
				67657B371CCE942E0006CF88 /* ViewController.m */,
				67657B661CCE946E0006CF88 /* TestClass.h */,
				67657B671CCE94C40006CF88 /* TestClass.m */,
				67657B391CCE942E0006CF88 /* Main.storyboard */,
				67621C771CE8FCFC00DC4773 /* Model.xcdatamodeld */,
				67657B3F1CCE942E0006CF88 /* Assets.xcassets */,
				67657B411CCE942E0006CF88 /* LaunchScreen.storyboard */,
				67657B441CCE942E0006CF88 /* Info.plist */,
				67657B301CCE942E0006CF88 /* Supporting Files */,
			);
			path = TestApp;
			sourceTree = "<group>";
		};
		67657B301CCE942E0006CF88 /* Supporting Files */ = {
			isa = PBXGroup;
			children = (
				67657B311CCE942E0006CF88 /* main.m */,
			);
			name = "Supporting Files";
			sourceTree = "<group>";
		};
		67657B4C1CCE942E0006CF88 /* TestAppTests */ = {
			isa = PBXGroup;
			children = (
				67657B4D1CCE942E0006CF88 /* TestAppTests.m */,
				67657B4F1CCE942E0006CF88 /* Info.plist */,
			);
			path = TestAppTests;
			sourceTree = "<group>";
		};
		67657B571CCE942E0006CF88 /* TestAppUITests */ = {
			isa = PBXGroup;
			children = (
				67657B581CCE942E0006CF88 /* TestAppUITests.m */,
				67657B5A1CCE942E0006CF88 /* Info.plist */,
			);
			path = TestAppUITests;
			sourceTree = "<group>";
		};
/* End PBXGroup section */

/* Begin PBXNativeTarget section */
		67657B2C1CCE942E0006CF88 /* TestApp */ = {
			isa = PBXNativeTarget;
			buildConfigurationList = 67657B5D1CCE942E0006CF88 /* Build configuration list for PBXNativeTarget "TestApp" */;
			buildPhases = (
				67657B291CCE942E0006CF88 /* Sources */,
				67657B2A1CCE942E0006CF88 /* Frameworks */,
				67657B2B1CCE942E0006CF88 /* Resources */,
			);
			buildRules = (
			);
			dependencies = (
			);
			name = TestApp;
			productName = TestApp;
			productReference = 67657B2D1CCE942E0006CF88 /* TestApp.app */;
			productType = "com.apple.product-type.application";
		};
		67657B481CCE942E0006CF88 /* TestAppTests */ = {
			isa = PBXNativeTarget;
			buildConfigurationList = 67657B601CCE942E0006CF88 /* Build configuration list for PBXNativeTarget "TestAppTests" */;
			buildPhases = (
				67657B451CCE942E0006CF88 /* Sources */,
				67657B461CCE942E0006CF88 /* Frameworks */,
				67657B471CCE942E0006CF88 /* Resources */,
			);
			buildRules = (
			);
			dependencies = (
				67657B4B1CCE942E0006CF88 /* PBXTargetDependency */,
			);
			name = TestAppTests;
			productName = TestAppTests;
			productReference = 67657B491CCE942E0006CF88 /* TestAppTests.xctest */;
			productType = "com.apple.product-type.bundle.unit-test";
		};
		67657B531CCE942E0006CF88 /* TestAppUITests */ = {
			isa = PBXNativeTarget;
			buildConfigurationList = 67657B631CCE942E0006CF88 /* Build configuration list for PBXNativeTarget "TestAppUITests" */;
			buildPhases = (
				67657B501CCE942E0006CF88 /* Sources */,
				67657B511CCE942E0006CF88 /* Frameworks */,
				67657B521CCE942E0006CF88 /* Resources */,
			);
			buildRules = (
			);
			dependencies = (
				67657B561CCE942E0006CF88 /* PBXTargetDependency */,
			);
			name = TestAppUITests;
			productName = TestAppUITests;
			productReference = 67657B541CCE942E0006CF88 /* TestAppUITests.xctest */;
			productType = "com.apple.product-type.bundle.ui-testing";
		};
/* End PBXNativeTarget section */

/* Begin PBXProject section */
		67657B251CCE942E0006CF88 /* Project object */ = {
			isa = PBXProject;
			attributes = {
				LastUpgradeCheck = 0730;
				ORGANIZATIONNAME = "Kaan Ersan";
				TargetAttributes = {
					67657B2C1CCE942E0006CF88 = {
						CreatedOnToolsVersion = 7.3;
					};
					67657B481CCE942E0006CF88 = {
						CreatedOnToolsVersion = 7.3;
						TestTargetID = 67657B2C1CCE942E0006CF88;
					};
					67657B531CCE942E0006CF88 = {
						CreatedOnToolsVersion = 7.3;
						TestTargetID = 67657B2C1CCE942E0006CF88;
					};
				};
			};
			buildConfigurationList = 67657B281CCE942E0006CF88 /* Build configuration list for PBXProject "TestApp" */;
			compatibilityVersion = "Xcode 3.2";
			developmentRegion = English;
			hasScannedForEncodings = 0;
			knownRegions = (
				en,
				Base,
			);
			mainGroup = 67657B241CCE942E0006CF88;
			productRefGroup = 67657B2E1CCE942E0006CF88 /* Products */;
			projectDirPath = "";
			projectRoot = "";
			targets = (
				67657B2C1CCE942E0006CF88 /* TestApp */,
				67657B481CCE942E0006CF88 /* TestAppTests */,
				67657B531CCE942E0006CF88 /* TestAppUITests */,
			);
		};
/* End PBXProject section */

/* Begin PBXResourcesBuildPhase section */
		67657B2B1CCE942E0006CF88 /* Resources */ = {
			isa = PBXResourcesBuildPhase;
			buildActionMask = 2147483647;
			files = (
				67657B431CCE942E0006CF88 /* LaunchScreen.storyboard in Resources */,
				67657B401CCE942E0006CF88 /* Assets.xcassets in Resources */,
				67657B3B1CCE942E0006CF88 /* Main.storyboard in Resources */,
			);
			runOnlyForDeploymentPostprocessing = 0;
		};
		67657B471CCE942E0006CF88 /* Resources */ = {
			isa = PBXResourcesBuildPhase;
			buildActionMask = 2147483647;
			files = (
			);
			runOnlyForDeploymentPostprocessing = 0;
		};
		67657B521CCE942E0006CF88 /* Resources */ = {
			isa = PBXResourcesBuildPhase;
			buildActionMask = 2147483647;
			files = (
			);
			runOnlyForDeploymentPostprocessing = 0;
		};
/* End PBXResourcesBuildPhase section */

/* Begin PBXSourcesBuildPhase section */
		67657B291CCE942E0006CF88 /* Sources */ = {
			isa = PBXSourcesBuildPhase;
			buildActionMask = 2147483647;
			files = (
				67657B681CCE94C40006CF88 /* TestClass.m in Sources */,
				67657B381CCE942E0006CF88 /* ViewController.m in Sources */,
				67621C761CE7C1BE00DC4773 /* OperationViewController.m in Sources */,
				67657B701CD069AC0006CF88 /* Node.m in Sources */,
				67657B6B1CD034070006CF88 /* Tree.m in Sources */,
				67621C7B1CE9940400DC4773 /* Person.m in Sources */,
				67657B731CD8D9FC0006CF88 /* Trie.m in Sources */,
				67621C731CE7B8EC00DC4773 /* ImagesTableViewController.m in Sources */,
				67657B351CCE942E0006CF88 /* AppDelegate.m in Sources */,
				67621C791CE8FCFC00DC4773 /* Model.xcdatamodeld in Sources */,
				67657B321CCE942E0006CF88 /* main.m in Sources */,
			);
			runOnlyForDeploymentPostprocessing = 0;
		};
		67657B451CCE942E0006CF88 /* Sources */ = {
			isa = PBXSourcesBuildPhase;
			buildActionMask = 2147483647;
			files = (
				67657B4E1CCE942E0006CF88 /* TestAppTests.m in Sources */,
			);
			runOnlyForDeploymentPostprocessing = 0;
		};
		67657B501CCE942E0006CF88 /* Sources */ = {
			isa = PBXSourcesBuildPhase;
			buildActionMask = 2147483647;
			files = (
				67657B591CCE942E0006CF88 /* TestAppUITests.m in Sources */,
			);
			runOnlyForDeploymentPostprocessing = 0;
		};
/* End PBXSourcesBuildPhase section */

/* Begin PBXTargetDependency section */
		67657B4B1CCE942E0006CF88 /* PBXTargetDependency */ = {
			isa = PBXTargetDependency;
			target = 67657B2C1CCE942E0006CF88 /* TestApp */;
			targetProxy = 67657B4A1CCE942E0006CF88 /* PBXContainerItemProxy */;
		};
		67657B561CCE942E0006CF88 /* PBXTargetDependency */ = {
			isa = PBXTargetDependency;
			target = 67657B2C1CCE942E0006CF88 /* TestApp */;
			targetProxy = 67657B551CCE942E0006CF88 /* PBXContainerItemProxy */;
		};
/* End PBXTargetDependency section */

/* Begin PBXVariantGroup section */
		67657B391CCE942E0006CF88 /* Main.storyboard */ = {
			isa = PBXVariantGroup;
			children = (
				67657B3A1CCE942E0006CF88 /* Base */,
			);
			name = Main.storyboard;
			sourceTree = "<group>";
		};
		67657B411CCE942E0006CF88 /* LaunchScreen.storyboard */ = {
			isa = PBXVariantGroup;
			children = (
				67657B421CCE942E0006CF88 /* Base */,
			);
			name = LaunchScreen.storyboard;
			sourceTree = "<group>";
		};
/* End PBXVariantGroup section */

/* Begin XCBuildConfiguration section */
		67657B5B1CCE942E0006CF88 /* Debug */ = {
			isa = XCBuildConfiguration;
			buildSettings = {
				ALWAYS_SEARCH_USER_PATHS = NO;
				CLANG_ANALYZER_NONNULL = YES;
				CLANG_CXX_LANGUAGE_STANDARD = "gnu++0x";
				CLANG_CXX_LIBRARY = "libc++";
				CLANG_ENABLE_MODULES = YES;
				CLANG_ENABLE_OBJC_ARC = YES;
				CLANG_WARN_BOOL_CONVERSION = YES;
				CLANG_WARN_CONSTANT_CONVERSION = YES;
				CLANG_WARN_DIRECT_OBJC_ISA_USAGE = YES_ERROR;
				CLANG_WARN_EMPTY_BODY = YES;
				CLANG_WARN_ENUM_CONVERSION = YES;
				CLANG_WARN_INT_CONVERSION = YES;
				CLANG_WARN_OBJC_ROOT_CLASS = YES_ERROR;
				CLANG_WARN_UNREACHABLE_CODE = YES;
				CLANG_WARN__DUPLICATE_METHOD_MATCH = YES;
				"CODE_SIGN_IDENTITY[sdk=iphoneos*]" = "iPhone Developer";
				COPY_PHASE_STRIP = NO;
				DEBUG_INFORMATION_FORMAT = dwarf;
				ENABLE_STRICT_OBJC_MSGSEND = YES;
				ENABLE_TESTABILITY = YES;
				GCC_C_LANGUAGE_STANDARD = gnu99;
				GCC_DYNAMIC_NO_PIC = NO;
				GCC_NO_COMMON_BLOCKS = YES;
				GCC_OPTIMIZATION_LEVEL = 0;
				GCC_PREPROCESSOR_DEFINITIONS = (
					"DEBUG=1",
					"$(inherited)",
				);
				GCC_WARN_64_TO_32_BIT_CONVERSION = YES;
				GCC_WARN_ABOUT_RETURN_TYPE = YES_ERROR;
				GCC_WARN_UNDECLARED_SELECTOR = YES;
				GCC_WARN_UNINITIALIZED_AUTOS = YES_AGGRESSIVE;
				GCC_WARN_UNUSED_FUNCTION = YES;
				GCC_WARN_UNUSED_VARIABLE = YES;
				IPHONEOS_DEPLOYMENT_TARGET = 9.3;
				MTL_ENABLE_DEBUG_INFO = YES;
				ONLY_ACTIVE_ARCH = YES;
				SDKROOT = iphoneos;
				TARGETED_DEVICE_FAMILY = "1,2";
			};
			name = Debug;
		};
		67657B5C1CCE942E0006CF88 /* Release */ = {
			isa = XCBuildConfiguration;
			buildSettings = {
				ALWAYS_SEARCH_USER_PATHS = NO;
				CLANG_ANALYZER_NONNULL = YES;
				CLANG_CXX_LANGUAGE_STANDARD = "gnu++0x";
				CLANG_CXX_LIBRARY = "libc++";
				CLANG_ENABLE_MODULES = YES;
				CLANG_ENABLE_OBJC_ARC = YES;
				CLANG_WARN_BOOL_CONVERSION = YES;
				CLANG_WARN_CONSTANT_CONVERSION = YES;
				CLANG_WARN_DIRECT_OBJC_ISA_USAGE = YES_ERROR;
				CLANG_WARN_EMPTY_BODY = YES;
				CLANG_WARN_ENUM_CONVERSION = YES;
				CLANG_WARN_INT_CONVERSION = YES;
				CLANG_WARN_OBJC_ROOT_CLASS = YES_ERROR;
				CLANG_WARN_UNREACHABLE_CODE = YES;
				CLANG_WARN__DUPLICATE_METHOD_MATCH = YES;
				"CODE_SIGN_IDENTITY[sdk=iphoneos*]" = "iPhone Developer";
				COPY_PHASE_STRIP = NO;
				DEBUG_INFORMATION_FORMAT = "dwarf-with-dsym";
				ENABLE_NS_ASSERTIONS = NO;
				ENABLE_STRICT_OBJC_MSGSEND = YES;
				GCC_C_LANGUAGE_STANDARD = gnu99;
				GCC_NO_COMMON_BLOCKS = YES;
				GCC_WARN_64_TO_32_BIT_CONVERSION = YES;
				GCC_WARN_ABOUT_RETURN_TYPE = YES_ERROR;
				GCC_WARN_UNDECLARED_SELECTOR = YES;
				GCC_WARN_UNINITIALIZED_AUTOS = YES_AGGRESSIVE;
				GCC_WARN_UNUSED_FUNCTION = YES;
				GCC_WARN_UNUSED_VARIABLE = YES;
				IPHONEOS_DEPLOYMENT_TARGET = 9.3;
				MTL_ENABLE_DEBUG_INFO = NO;
				SDKROOT = iphoneos;
				TARGETED_DEVICE_FAMILY = "1,2";
				VALIDATE_PRODUCT = YES;
			};
			name = Release;
		};
		67657B5E1CCE942E0006CF88 /* Debug */ = {
			isa = XCBuildConfiguration;
			buildSettings = {
				ASSETCATALOG_COMPILER_APPICON_NAME = AppIcon;
				INFOPLIST_FILE = TestApp/Info.plist;
				LD_RUNPATH_SEARCH_PATHS = "$(inherited) @executable_path/Frameworks";
				PRODUCT_BUNDLE_IDENTIFIER = com.ibm.mobilefirst.rails.TestApp;
				PRODUCT_NAME = "$(TARGET_NAME)";
			};
			name = Debug;
		};
		67657B5F1CCE942E0006CF88 /* Release */ = {
			isa = XCBuildConfiguration;
			buildSettings = {
				ASSETCATALOG_COMPILER_APPICON_NAME = AppIcon;
				INFOPLIST_FILE = TestApp/Info.plist;
				LD_RUNPATH_SEARCH_PATHS = "$(inherited) @executable_path/Frameworks";
				PRODUCT_BUNDLE_IDENTIFIER = com.ibm.mobilefirst.rails.TestApp;
				PRODUCT_NAME = "$(TARGET_NAME)";
			};
			name = Release;
		};
		67657B611CCE942E0006CF88 /* Debug */ = {
			isa = XCBuildConfiguration;
			buildSettings = {
				BUNDLE_LOADER = "$(TEST_HOST)";
				INFOPLIST_FILE = TestAppTests/Info.plist;
				LD_RUNPATH_SEARCH_PATHS = "$(inherited) @executable_path/Frameworks @loader_path/Frameworks";
				PRODUCT_BUNDLE_IDENTIFIER = com.ibm.mobilefirst.rails.TestAppTests;
				PRODUCT_NAME = "$(TARGET_NAME)";
				TEST_HOST = "$(BUILT_PRODUCTS_DIR)/TestApp.app/TestApp";
			};
			name = Debug;
		};
		67657B621CCE942E0006CF88 /* Release */ = {
			isa = XCBuildConfiguration;
			buildSettings = {
				BUNDLE_LOADER = "$(TEST_HOST)";
				INFOPLIST_FILE = TestAppTests/Info.plist;
				LD_RUNPATH_SEARCH_PATHS = "$(inherited) @executable_path/Frameworks @loader_path/Frameworks";
				PRODUCT_BUNDLE_IDENTIFIER = com.ibm.mobilefirst.rails.TestAppTests;
				PRODUCT_NAME = "$(TARGET_NAME)";
				TEST_HOST = "$(BUILT_PRODUCTS_DIR)/TestApp.app/TestApp";
			};
			name = Release;
		};
		67657B641CCE942E0006CF88 /* Debug */ = {
			isa = XCBuildConfiguration;
			buildSettings = {
				INFOPLIST_FILE = TestAppUITests/Info.plist;
				LD_RUNPATH_SEARCH_PATHS = "$(inherited) @executable_path/Frameworks @loader_path/Frameworks";
				PRODUCT_BUNDLE_IDENTIFIER = com.ibm.mobilefirst.rails.TestAppUITests;
				PRODUCT_NAME = "$(TARGET_NAME)";
				TEST_TARGET_NAME = TestApp;
			};
			name = Debug;
		};
		67657B651CCE942E0006CF88 /* Release */ = {
			isa = XCBuildConfiguration;
			buildSettings = {
				INFOPLIST_FILE = TestAppUITests/Info.plist;
				LD_RUNPATH_SEARCH_PATHS = "$(inherited) @executable_path/Frameworks @loader_path/Frameworks";
				PRODUCT_BUNDLE_IDENTIFIER = com.ibm.mobilefirst.rails.TestAppUITests;
				PRODUCT_NAME = "$(TARGET_NAME)";
				TEST_TARGET_NAME = TestApp;
			};
			name = Release;
		};
/* End XCBuildConfiguration section */

/* Begin XCConfigurationList section */
		67657B281CCE942E0006CF88 /* Build configuration list for PBXProject "TestApp" */ = {
			isa = XCConfigurationList;
			buildConfigurations = (
				67657B5B1CCE942E0006CF88 /* Debug */,
				67657B5C1CCE942E0006CF88 /* Release */,
			);
			defaultConfigurationIsVisible = 0;
			defaultConfigurationName = Release;
		};
		67657B5D1CCE942E0006CF88 /* Build configuration list for PBXNativeTarget "TestApp" */ = {
			isa = XCConfigurationList;
			buildConfigurations = (
				67657B5E1CCE942E0006CF88 /* Debug */,
				67657B5F1CCE942E0006CF88 /* Release */,
			);
			defaultConfigurationIsVisible = 0;
			defaultConfigurationName = Release;
		};
		67657B601CCE942E0006CF88 /* Build configuration list for PBXNativeTarget "TestAppTests" */ = {
			isa = XCConfigurationList;
			buildConfigurations = (
				67657B611CCE942E0006CF88 /* Debug */,
				67657B621CCE942E0006CF88 /* Release */,
			);
			defaultConfigurationIsVisible = 0;
			defaultConfigurationName = Release;
		};
		67657B631CCE942E0006CF88 /* Build configuration list for PBXNativeTarget "TestAppUITests" */ = {
			isa = XCConfigurationList;
			buildConfigurations = (
				67657B641CCE942E0006CF88 /* Debug */,
				67657B651CCE942E0006CF88 /* Release */,
			);
			defaultConfigurationIsVisible = 0;
			defaultConfigurationName = Release;
		};
/* End XCConfigurationList section */

/* Begin XCVersionGroup section */
		67621C771CE8FCFC00DC4773 /* Model.xcdatamodeld */ = {
			isa = XCVersionGroup;
			children = (
				67621C781CE8FCFC00DC4773 /* Model.xcdatamodel */,
			);
			currentVersion = 67621C781CE8FCFC00DC4773 /* Model.xcdatamodel */;
			path = Model.xcdatamodeld;
			sourceTree = "<group>";
			versionGroupType = wrapper.xcdatamodel;
		};
/* End XCVersionGroup section */
	};
	rootObject = 67657B251CCE942E0006CF88 /* Project object */;
}
